<?xml version="1.0" encoding="utf-8"?>
<Project ToolsVersion="4.0" xmlns="http://schemas.microsoft.com/developer/msbuild/2003">
  <ItemGroup>
    <Filter Include="Source Files">
      <UniqueIdentifier>{4FC737F1-C7A5-4376-A066-2A32D752A2FF}</UniqueIdentifier>
      <Extensions>cpp;c;cc;cxx;c++;cppm;ixx;def;odl;idl;hpj;bat;asm;asmx</Extensions>
    </Filter>
    <Filter Include="Header Files">
      <UniqueIdentifier>{93995380-89BD-4b04-88EB-625FBE52EBFB}</UniqueIdentifier>
      <Extensions>h;hh;hpp;hxx;h++;hm;inl;inc;ipp;xsd</Extensions>
    </Filter>
    <Filter Include="Resource Files">
      <UniqueIdentifier>{67DA6AB6-F800-4c08-8B7A-83BB121AAD01}</UniqueIdentifier>
      <Extensions>rc;ico;cur;bmp;dlg;rc2;rct;bin;rgs;gif;jpg;jpeg;jpe;resx;tiff;tif;png;wav;mfcribbon-ms</Extensions>
    </Filter>
  </ItemGroup>
  <ItemGroup>
    <ClInclude Include="AI.h">
      <Filter>Header Files</Filter>
    </ClInclude>
    <ClInclude Include="Button.h">
      <Filter>Header Files</Filter>
    </ClInclude>
    <ClInclude Include="Card.h">
      <Filter>Header Files</Filter>
    </ClInclude>
    <ClInclude Include="CardCollection.h">
      <Filter>Header Files</Filter>
    </ClInclude>
    <ClInclude Include="Deck.h">
      <Filter>Header Files</Filter>
    </ClInclude>
    <ClInclude Include="FontManager.h">
      <Filter>Header Files</Filter>
    </ClInclude>
    <ClInclude Include="Game.h">
      <Filter>Header Files</Filter>
    </ClInclude>
    <ClInclude Include="GameState.h">
      <Filter>Header Files</Filter>
    </ClInclude>
    <ClInclude Include="GameStateDeckBuild.h">
      <Filter>Header Files</Filter>
    </ClInclude>
    <ClInclude Include="GameStateMatch.h">
      <Filter>Header Files</Filter>
    </ClInclude>
    <ClInclude Include="GameStateMenu.h">
      <Filter>Header Files</Filter>
    </ClInclude>
    <ClInclude Include="GameStateShop.h">
      <Filter>Header Files</Filter>
    </ClInclude>
    <ClInclude Include="GuiCard.h">
      <Filter>Header Files</Filter>
    </ClInclude>
    <ClInclude Include="GuiCardCollection.h">
      <Filter>Header Files</Filter>
    </ClInclude>
    <ClInclude Include="GuiMatch.h">
      <Filter>Header Files</Filter>
    </ClInclude>
    <ClInclude Include="GuiStyle.h">
      <Filter>Header Files</Filter>
    </ClInclude>
    <ClInclude Include="GuiText.h">
      <Filter>Header Files</Filter>
    </ClInclude>
    <ClInclude Include="Hand.h">
      <Filter>Header Files</Filter>
    </ClInclude>
    <ClInclude Include="Indicator.h">
      <Filter>Header Files</Filter>
    </ClInclude>
    <ClInclude Include="Match.h">
      <Filter>Header Files</Filter>
    </ClInclude>
    <ClInclude Include="Player.h">
      <Filter>Header Files</Filter>
    </ClInclude>
    <ClInclude Include="Prompt.h">
      <Filter>Header Files</Filter>
    </ClInclude>
    <ClInclude Include="Table.h">
      <Filter>Header Files</Filter>
    </ClInclude>
    <ClInclude Include="TextureManager.h">
      <Filter>Header Files</Filter>
    </ClInclude>
    <ClInclude Include="Campaign.h">
      <Filter>Header Files</Filter>
    </ClInclude>
    <ClInclude Include="MatchObserver.h">
      <Filter>Header Files</Filter>
    </ClInclude>
    <ClInclude Include="GameStateBet.h">
      <Filter>Header Files</Filter>
    </ClInclude>
    <ClInclude Include="Counter.h">
      <Filter>Header Files</Filter>
    </ClInclude>
    <ClInclude Include="GuiBet.h">
      <Filter>Header Files</Filter>
    </ClInclude>
    <ClInclude Include="GuiShop.h">
      <Filter>Header Files</Filter>
    </ClInclude>
    <ClInclude Include="Shop.h">
      <Filter>Header Files</Filter>
    </ClInclude>
    <ClInclude Include="GameConst.h">
      <Filter>Header Files</Filter>
    </ClInclude>
    <ClInclude Include="GameStateHandler.h">
      <Filter>Header Files</Filter>
    </ClInclude>
    <ClInclude Include="GuiMenu.h">
      <Filter>Header Files</Filter>
    </ClInclude>
    <ClInclude Include="GuiDeckBuild.h">
      <Filter>Header Files</Filter>
    </ClInclude>
    <ClInclude Include="DeckBuild.h">
      <Filter>Header Files</Filter>
    </ClInclude>
  </ItemGroup>
  <ItemGroup>
    <ClCompile Include="AI.cpp">
      <Filter>Source Files</Filter>
    </ClCompile>
    <ClCompile Include="Button.cpp">
      <Filter>Source Files</Filter>
    </ClCompile>
    <ClCompile Include="Card.cpp">
      <Filter>Source Files</Filter>
    </ClCompile>
    <ClCompile Include="CardCollection.cpp">
      <Filter>Source Files</Filter>
    </ClCompile>
    <ClCompile Include="Deck.cpp">
      <Filter>Source Files</Filter>
    </ClCompile>
    <ClCompile Include="FontManager.cpp">
      <Filter>Source Files</Filter>
    </ClCompile>
    <ClCompile Include="Game.cpp">
      <Filter>Source Files</Filter>
    </ClCompile>
    <ClCompile Include="GameStateDeckBuild.cpp">
      <Filter>Source Files</Filter>
    </ClCompile>
    <ClCompile Include="GameStateMatch.cpp">
      <Filter>Source Files</Filter>
    </ClCompile>
    <ClCompile Include="GameStateMenu.cpp">
      <Filter>Source Files</Filter>
    </ClCompile>
    <ClCompile Include="GuiCard.cpp">
      <Filter>Source Files</Filter>
    </ClCompile>
    <ClCompile Include="GuiCardCollection.cpp">
      <Filter>Source Files</Filter>
    </ClCompile>
    <ClCompile Include="GuiMatch.cpp">
      <Filter>Source Files</Filter>
    </ClCompile>
    <ClCompile Include="GuiText.cpp">
      <Filter>Source Files</Filter>
    </ClCompile>
    <ClCompile Include="Hand.cpp">
      <Filter>Source Files</Filter>
    </ClCompile>
    <ClCompile Include="Indicator.cpp">
      <Filter>Source Files</Filter>
    </ClCompile>
    <ClCompile Include="Match.cpp">
      <Filter>Source Files</Filter>
    </ClCompile>
    <ClCompile Include="Pazaak.cpp">
      <Filter>Source Files</Filter>
    </ClCompile>
    <ClCompile Include="Player.cpp">
      <Filter>Source Files</Filter>
    </ClCompile>
    <ClCompile Include="Prompt.cpp">
      <Filter>Source Files</Filter>
    </ClCompile>
    <ClCompile Include="Table.cpp">
      <Filter>Source Files</Filter>
    </ClCompile>
    <ClCompile Include="TextureManager.cpp">
      <Filter>Source Files</Filter>
    </ClCompile>
    <ClCompile Include="Counter.cpp">
      <Filter>Source Files</Filter>
    </ClCompile>
    <ClCompile Include="GameStateBet.cpp">
      <Filter>Source Files</Filter>
    </ClCompile>
    <ClCompile Include="GuiBet.cpp">
      <Filter>Source Files</Filter>
    </ClCompile>
    <ClCompile Include="Campaign.cpp">
      <Filter>Source Files</Filter>
    </ClCompile>
    <ClCompile Include="GameStateShop.cpp">
      <Filter>Source Files</Filter>
    </ClCompile>
    <ClCompile Include="Shop.cpp">
      <Filter>Source Files</Filter>
    </ClCompile>
    <ClCompile Include="GuiShop.cpp">
      <Filter>Source Files</Filter>
    </ClCompile>
    <ClCompile Include="GameStateHandler.cpp">
      <Filter>Source Files</Filter>
    </ClCompile>
    <ClCompile Include="GuiMenu.cpp">
      <Filter>Source Files</Filter>
    </ClCompile>
    <ClCompile Include="GuiDeckBuild.cpp">
      <Filter>Source Files</Filter>
    </ClCompile>
    <ClCompile Include="DeckBuild.cpp">
      <Filter>Source Files</Filter>
    </ClCompile>
  </ItemGroup>
  <ItemGroup>
    <Font Include="Fonts\Prototype.ttf">
      <Filter>Resource Files</Filter>
    </Font>
  </ItemGroup>
  <ItemGroup>
    <Image Include="Textures\background.png">
      <Filter>Resource Files</Filter>
    </Image>
    <Image Include="Textures\BlueHandCard.png">
      <Filter>Resource Files</Filter>
    </Image>
    <Image Include="Textures\DealerCard.png">
      <Filter>Resource Files</Filter>
    </Image>
    <Image Include="Textures\EmptyCardSlot.png">
      <Filter>Resource Files</Filter>
    </Image>
    <Image Include="Textures\RedAndBlueHandCard.png">
      <Filter>Resource Files</Filter>
    </Image>
    <Image Include="Textures\RedHandCard.png">
      <Filter>Resource Files</Filter>
    </Image>
    <Image Include="Textures\UnknownCard.png">
      <Filter>Resource Files</Filter>
    </Image>
    <Image Include="Textures\YellowHandCard.png">
      <Filter>Resource Files</Filter>
    </Image>
  </ItemGroup>
</Project>